{
  "version": 2,
  "dependencies": {
    "net10.0": {
      "FSharp.Core": {
        "type": "Direct",
        "requested": "[10.1.303, 10.1.303]",
        "resolved": "10.1.303",
        "contentHash": "juOEjKuOCZKBFbFO8TwWRQu5cY91m2BpDkrUcv1r8pfhc1yyt64H6jTYqoRWxZoRD31XB5dxyUg9j4brs7RZCg=="
      },
      "Newtonsoft.Json": {
        "type": "Transitive",
        "resolved": "13.0.1",
        "contentHash": "ppPFpBcvxdsfUonNcvITKqLl3bqxWbDCZIzDWHzjpdAHRFfZe0Dw9HmA0+za13IdyrgJwpkDTDA9fHaxOrt20A=="
      },
      "sir.domain": {
        "type": "Project",
        "dependencies": {
          "FSharp.Core": "[10.1.303, 10.1.303]"
        }
      },
      "sir.protocol": {
        "type": "Project",
        "dependencies": {
          "FSharp.Core": "[10.1.303, 10.1.303]",
          "SIR.Protocol.Generated": "[1.0.0, )"
        }
      },
      "sir.protocol.generated": {
        "type": "Project",
        "dependencies": {
          "FSharp.Core": "[10.1.303, 10.1.303]",
          "Thoth.Json.Net": "[12.0.0, 12.0.0]"
        }
      },
      "Fable.Core": {
        "type": "CentralTransitive",
        "requested": "[5.2.0, 5.2.0]",
        "resolved": "5.2.0",
        "contentHash": "3+HVoyYMjPGeKJEhMzRti0coDS6AkLVOWXmGwSvqokeTuwdZLyiKMoNgQrE6ZeJ0cSy9qHBB4VBpw5RAfb6zmQ==",
        "dependencies": {
          "FSharp.Core": "4.7.2"
        }
      },
      "Thoth.Json.Net": {
        "type": "CentralTransitive",
        "requested": "[12.0.0, 12.0.0]",
        "resolved": "12.0.0",
        "contentHash": "n2YyONYdWCFS4Pu7wrqgV/l5tPuN+t3gxEfs/2RwqCiQkRnbgKs9dK61zHeZS5YganAoFbxLSwbaNL7SvSrS9g==",
        "dependencies": {
          "FSharp.Core": "4.7.2",
          "Fable.Core": "3.1.6",
          "Newtonsoft.Json": "13.0.1"
        }
      }
    }
  }
}