{
  "version": 2,
  "dependencies": {
    "net10.0": {
      "FSharp.Core": {
        "type": "Direct",
        "requested": "[10.1.303, 10.1.303]",
        "resolved": "10.1.303",
        "contentHash": "juOEjKuOCZKBFbFO8TwWRQu5cY91m2BpDkrUcv1r8pfhc1yyt64H6jTYqoRWxZoRD31XB5dxyUg9j4brs7RZCg=="
      },
      "Microsoft.AspNetCore.Authentication.JwtBearer": {
        "type": "Direct",
        "requested": "[10.0.0, 10.0.0]",
        "resolved": "10.0.0",
        "contentHash": "0BgDfT1GoZnzjJOBwx5vFMK5JtqsTEas9pCEwd1/KKxNUAqFmreN60WeUoF+CsmSd9tOQuqWedvdBo/QqHuNTQ==",
        "dependencies": {
          "Microsoft.IdentityModel.Protocols.OpenIdConnect": "8.0.1"
        }
      },
      "FS.GG.Contracts": {
        "type": "Transitive",
        "resolved": "7.5.2",
        "contentHash": "1Y2r/C1ibQTY1pJP6RzJdsUrV2d2PccLm+mTrOg74Okz6RgxXmogYrLWqv7Cq7pm+IhVyXSiFsfVAytBVzJU4A==",
        "dependencies": {
          "FSharp.Core": "10.1.302"
        }
      },
      "Microsoft.IdentityModel.Abstractions": {
        "type": "Transitive",
        "resolved": "8.0.1",
        "contentHash": "OtlIWcyX01olfdevPKZdIPfBEvbcioDyBiE/Z2lHsopsMD7twcKtlN9kMevHmI5IIPhFpfwCIiR6qHQz1WHUIw=="
      },
      "Microsoft.IdentityModel.JsonWebTokens": {
        "type": "Transitive",
        "resolved": "8.0.1",
        "contentHash": "s6++gF9x0rQApQzOBbSyp4jUaAlwm+DroKfL8gdOHxs83k8SJfUXhuc46rDB3rNXBQ1MVRxqKUrqFhO/M0E97g==",
        "dependencies": {
          "Microsoft.IdentityModel.Tokens": "8.0.1"
        }
      },
      "Microsoft.IdentityModel.Logging": {
        "type": "Transitive",
        "resolved": "8.0.1",
        "contentHash": "UCPF2exZqBXe7v/6sGNiM6zCQOUXXQ9+v5VTb9gPB8ZSUPnX53BxlN78v2jsbIvK9Dq4GovQxo23x8JgWvm/Qg==",
        "dependencies": {
          "Microsoft.IdentityModel.Abstractions": "8.0.1"
        }
      },
      "Microsoft.IdentityModel.Protocols": {
        "type": "Transitive",
        "resolved": "8.0.1",
        "contentHash": "uA2vpKqU3I2mBBEaeJAWPTjT9v1TZrGWKdgK6G5qJd03CLx83kdiqO9cmiK8/n1erkHzFBwU/RphP83aAe3i3g==",
        "dependencies": {
          "Microsoft.IdentityModel.Tokens": "8.0.1"
        }
      },
      "Microsoft.IdentityModel.Protocols.OpenIdConnect": {
        "type": "Transitive",
        "resolved": "8.0.1",
        "contentHash": "AQDbfpL+yzuuGhO/mQhKNsp44pm5Jv8/BI4KiFXR7beVGZoSH35zMV3PrmcfvSTsyI6qrcR898NzUauD6SRigg==",
        "dependencies": {
          "Microsoft.IdentityModel.Protocols": "8.0.1",
          "System.IdentityModel.Tokens.Jwt": "8.0.1"
        }
      },
      "Microsoft.IdentityModel.Tokens": {
        "type": "Transitive",
        "resolved": "8.0.1",
        "contentHash": "kDimB6Dkd3nkW2oZPDkMkVHfQt3IDqO5gL0oa8WVy3OP4uE8Ij+8TXnqg9TOd9ufjsY3IDiGz7pCUbnfL18tjg==",
        "dependencies": {
          "Microsoft.IdentityModel.Logging": "8.0.1"
        }
      },
      "Newtonsoft.Json": {
        "type": "Transitive",
        "resolved": "13.0.1",
        "contentHash": "ppPFpBcvxdsfUonNcvITKqLl3bqxWbDCZIzDWHzjpdAHRFfZe0Dw9HmA0+za13IdyrgJwpkDTDA9fHaxOrt20A=="
      },
      "System.IdentityModel.Tokens.Jwt": {
        "type": "Transitive",
        "resolved": "8.0.1",
        "contentHash": "GJw3bYkWpOgvN3tJo5X4lYUeIFA2HD293FPUhKmp7qxS+g5ywAb34Dnd3cDAFLkcMohy5XTpoaZ4uAHuw0uSPQ==",
        "dependencies": {
          "Microsoft.IdentityModel.JsonWebTokens": "8.0.1",
          "Microsoft.IdentityModel.Tokens": "8.0.1"
        }
      },
      "YamlDotNet": {
        "type": "Transitive",
        "resolved": "18.1.0",
        "contentHash": "5K+9KFg2TdTl7VXv88Qzi/0lqK6JFoNP3lRuImPYGRV7K/QYklDyTrj4+A+KAki1JsQi6qKY+hDyY7d6WRqjrw=="
      },
      "sir.domain": {
        "type": "Project",
        "dependencies": {
          "FS.GG.SDD.Artifacts": "[1.3.0-preview.3, 1.3.0-preview.3]",
          "FSharp.Core": "[10.1.303, 10.1.303]"
        }
      },
      "sir.match": {
        "type": "Project",
        "dependencies": {
          "FSharp.Core": "[10.1.303, 10.1.303]",
          "SIR.Domain": "[1.0.0, )",
          "SIR.Simulation": "[1.0.0, )",
          "SIR.Wasm": "[1.0.0, )"
        }
      },
      "sir.protocol": {
        "type": "Project",
        "dependencies": {
          "FSharp.Core": "[10.1.303, 10.1.303]",
          "SIR.Protocol.Generated": "[1.0.0, )"
        }
      },
      "sir.protocol.generated": {
        "type": "Project",
        "dependencies": {
          "FSharp.Core": "[10.1.303, 10.1.303]",
          "Thoth.Json.Net": "[12.0.0, 12.0.0]"
        }
      },
      "sir.simulation": {
        "type": "Project",
        "dependencies": {
          "FS.GG.Game.Core": "[0.13.0, 0.13.0]",
          "FSharp.Core": "[10.1.303, 10.1.303]",
          "SIR.Domain": "[1.0.0, )"
        }
      },
      "sir.wasm": {
        "type": "Project",
        "dependencies": {
          "FSharp.Core": "[10.1.303, 10.1.303]",
          "SIR.Domain": "[1.0.0, )",
          "SIR.Simulation": "[1.0.0, )",
          "Wasmtime": "[44.0.0, 44.0.0]"
        }
      },
      "Fable.Core": {
        "type": "CentralTransitive",
        "requested": "[5.2.0, 5.2.0]",
        "resolved": "5.2.0",
        "contentHash": "3+HVoyYMjPGeKJEhMzRti0coDS6AkLVOWXmGwSvqokeTuwdZLyiKMoNgQrE6ZeJ0cSy9qHBB4VBpw5RAfb6zmQ==",
        "dependencies": {
          "FSharp.Core": "4.7.2"
        }
      },
      "FS.GG.Game.Core": {
        "type": "CentralTransitive",
        "requested": "[0.13.0, 0.13.0]",
        "resolved": "0.13.0",
        "contentHash": "h4IVQKlYkhOOLO9bPgrR6JsoPKBH3cozfO+qgk/gr67Tel02dvHPBe4buIs3L4Hq+fDwwDXA/qDFmis8qQiJKA==",
        "dependencies": {
          "FSharp.Core": "10.1.302"
        }
      },
      "FS.GG.SDD.Artifacts": {
        "type": "CentralTransitive",
        "requested": "[1.3.0-preview.3, 1.3.0-preview.3]",
        "resolved": "1.3.0-preview.3",
        "contentHash": "iZRpNHp7UdBrhp9jPcZi5Nv73GyxlCjVsAeHT7FqDsEvWoTuvSfmqyjXN9v6Nrm0DsXcNZA8rWZPUTI0/OTC7w==",
        "dependencies": {
          "FS.GG.Contracts": "7.5.2",
          "FSharp.Core": "10.1.302",
          "YamlDotNet": "18.1.0"
        }
      },
      "Thoth.Json.Net": {
        "type": "CentralTransitive",
        "requested": "[12.0.0, 12.0.0]",
        "resolved": "12.0.0",
        "contentHash": "n2YyONYdWCFS4Pu7wrqgV/l5tPuN+t3gxEfs/2RwqCiQkRnbgKs9dK61zHeZS5YganAoFbxLSwbaNL7SvSrS9g==",
        "dependencies": {
          "FSharp.Core": "4.7.2",
          "Fable.Core": "3.1.6",
          "Newtonsoft.Json": "13.0.1"
        }
      },
      "Wasmtime": {
        "type": "CentralTransitive",
        "requested": "[44.0.0, 44.0.0]",
        "resolved": "44.0.0",
        "contentHash": "Mo93hPzT2wzxQlntv0yqWChspMCp9KlT4rTYseriz/WZ1wKjRCE5WBwrN2ljBeqBitKINPMwupN4Ar1jnaS7Vw=="
      }
    }
  }
}