{
  "version": 2,
  "dependencies": {
    "net10.0": {
      "Fable.Browser.Dom": {
        "type": "Direct",
        "requested": "[2.20.0, 2.20.0]",
        "resolved": "2.20.0",
        "contentHash": "8MnTBQ3NtWABhT8KXJZ7dracK4La3LrX265eqRJiiXayU6acNvzjBltYsyMmarqUhRf723e3hyHTKNOLQITosQ==",
        "dependencies": {
          "FSharp.Core": "4.7.2",
          "Fable.Browser.Blob": "1.4.0",
          "Fable.Browser.Event": "1.7.0",
          "Fable.Browser.WebStorage": "1.3.0",
          "Fable.Core": "3.2.8"
        }
      },
      "Fable.Core": {
        "type": "Direct",
        "requested": "[5.2.0, 5.2.0]",
        "resolved": "5.2.0",
        "contentHash": "3+HVoyYMjPGeKJEhMzRti0coDS6AkLVOWXmGwSvqokeTuwdZLyiKMoNgQrE6ZeJ0cSy9qHBB4VBpw5RAfb6zmQ==",
        "dependencies": {
          "FSharp.Core": "4.7.2"
        }
      },
      "Fable.Elmish": {
        "type": "Direct",
        "requested": "[5.0.2, 5.0.2]",
        "resolved": "5.0.2",
        "contentHash": "2/5a5Isu9O1cQQeUZ4I70ZFKF1kkl14xoQXZ6zP4tWTQotNDJCWN2LlLku+1+4mO/jnOUGQy2jJ1KgzG5MhoLw==",
        "dependencies": {
          "FSharp.Core": "4.7.2",
          "Fable.Core": "4.0.0"
        }
      },
      "Fable.Elmish.React": {
        "type": "Direct",
        "requested": "[5.6.0, 5.6.0]",
        "resolved": "5.6.0",
        "contentHash": "rxhcPlzTIGKxToGY5oQViqd7EOC84h9ieR5nNgF++4fyCkNzarCz+ZUjqvnou+KE2XC3N5dz1jsCOxPtclHqLQ==",
        "dependencies": {
          "FSharp.Core": "4.7.2",
          "Fable.Elmish": "5.0.2",
          "Fable.ReactDom.Types": "18.2.0"
        }
      },
      "Feliz": {
        "type": "Direct",
        "requested": "[3.3.3, 3.3.3]",
        "resolved": "3.3.3",
        "contentHash": "LmAq2TW9pCBu9pFhjs9JVFzVw4LydPcDaU3pP8Q+mhrVZc22T82lQBTC886lIROegcZbBWeXfM3/e9e6ccpJAA==",
        "dependencies": {
          "Fable.Core": "4.5.0",
          "Fable.React.Types": "18.4.0",
          "Fable.ReactDom.Types": "18.2.0",
          "Feliz.CompilerPlugins": "3.2.0"
        }
      },
      "FSharp.Core": {
        "type": "Direct",
        "requested": "[10.1.303, 10.1.303]",
        "resolved": "10.1.303",
        "contentHash": "juOEjKuOCZKBFbFO8TwWRQu5cY91m2BpDkrUcv1r8pfhc1yyt64H6jTYqoRWxZoRD31XB5dxyUg9j4brs7RZCg=="
      },
      "Thoth.Json": {
        "type": "Direct",
        "requested": "[10.5.1, 10.5.1]",
        "resolved": "10.5.1",
        "contentHash": "HMh+zRyOhz7ASGNLgcSQFsrZWv4mcMZfqIsya0aQ2ixFWZpav9RRvYR5C9tL33qmRDX4n+73Bpo6brSfUQ4nQA==",
        "dependencies": {
          "FSharp.Core": "10.1.203",
          "Fable.Core": "5.0.0"
        }
      },
      "Fable.AST": {
        "type": "Transitive",
        "resolved": "5.0.0-rc.3",
        "contentHash": "Lg+io2OqGztHovglpCdcRqYmNezS0V8L3CudaAsmcgpN7/f80ndwpuuelWd8SaDgRh+/LlwvlyzDhdmkljecvQ=="
      },
      "Fable.Browser.Blob": {
        "type": "Transitive",
        "resolved": "1.4.0",
        "contentHash": "UlaxrIXUfMmABjP+8a4XJp/Af+eCRKa8KJ57Olq4sqphmPLn/gNtp3sk5hRNBZ385lwUszbO5yd3Q/rrl9BdOQ==",
        "dependencies": {
          "FSharp.Core": "4.7.2",
          "Fable.Core": "3.2.8"
        }
      },
      "Fable.Browser.Event": {
        "type": "Transitive",
        "resolved": "1.7.0",
        "contentHash": "x+wqXQK0l4VlCnELDp68GC/mZAx6NbicDxYPliyAoNq8RPNDeR3R782icNwI5YmA+ufq11XvG6w1JjsL/ldy7w==",
        "dependencies": {
          "FSharp.Core": "4.7.2",
          "Fable.Browser.Gamepad": "1.3.0",
          "Fable.Core": "3.2.8"
        }
      },
      "Fable.Browser.Gamepad": {
        "type": "Transitive",
        "resolved": "1.3.0",
        "contentHash": "C4HZDzCgff+U094QjpQlJh425W5j5/vojvOi2FV5UFS34l7TJ6YBgBPpKoro02QhAi/UF3AeocR+V2yiYxHb0A==",
        "dependencies": {
          "FSharp.Core": "4.7.2",
          "Fable.Core": "3.2.8"
        }
      },
      "Fable.Browser.WebStorage": {
        "type": "Transitive",
        "resolved": "1.3.0",
        "contentHash": "x8JL9oEtPiK0JY4GrRTqhomiLxT6Jaiv5uu8VXiNeA78bFvUogZWxQeejsK83iNFGErK5wpdiPd0tsREZTRLeg==",
        "dependencies": {
          "FSharp.Core": "4.7.2",
          "Fable.Browser.Event": "1.6.0",
          "Fable.Core": "3.2.8"
        }
      },
      "Fable.React.Types": {
        "type": "Transitive",
        "resolved": "18.4.0",
        "contentHash": "XKUBsAycABet6+ZRwIceG3dSuUzgG8SndVIu43uZMNOO+wXAeGS4u2WrRWZOetZ7Q0MlVukPVwN7jfbPRg4j/A==",
        "dependencies": {
          "FSharp.Core": "4.7.2",
          "Fable.Browser.Dom": "2.4.4",
          "Fable.Core": "3.2.7"
        }
      },
      "Fable.ReactDom.Types": {
        "type": "Transitive",
        "resolved": "18.2.0",
        "contentHash": "2WoBjsLiSgrvR68OJXko0iVaqeMbkPM5Bx813A1WlxOSCJ50M9fwnlwG/MUEZtiOIhQmku/YTJY5a8E8r1+j2Q==",
        "dependencies": {
          "FSharp.Core": "4.7.2",
          "Fable.React.Types": "18.3.0"
        }
      },
      "Feliz.CompilerPlugins": {
        "type": "Transitive",
        "resolved": "3.2.0",
        "contentHash": "UP9jymqxszqAOyL9a+VkYpSeD9oQJ0K4cJySztPMgszReoloqi9Ik5BgTkzK6Ofil9FMOeeWLtYYXfVq4OHjLw==",
        "dependencies": {
          "Fable.AST": "5.0.0-rc.3"
        }
      },
      "FS.GG.Contracts": {
        "type": "Transitive",
        "resolved": "7.5.2",
        "contentHash": "1Y2r/C1ibQTY1pJP6RzJdsUrV2d2PccLm+mTrOg74Okz6RgxXmogYrLWqv7Cq7pm+IhVyXSiFsfVAytBVzJU4A==",
        "dependencies": {
          "FSharp.Core": "10.1.302"
        }
      },
      "Newtonsoft.Json": {
        "type": "Transitive",
        "resolved": "13.0.1",
        "contentHash": "ppPFpBcvxdsfUonNcvITKqLl3bqxWbDCZIzDWHzjpdAHRFfZe0Dw9HmA0+za13IdyrgJwpkDTDA9fHaxOrt20A=="
      },
      "YamlDotNet": {
        "type": "Transitive",
        "resolved": "18.1.0",
        "contentHash": "5K+9KFg2TdTl7VXv88Qzi/0lqK6JFoNP3lRuImPYGRV7K/QYklDyTrj4+A+KAki1JsQi6qKY+hDyY7d6WRqjrw=="
      },
      "sir.domain": {
        "type": "Project",
        "dependencies": {
          "FS.GG.SDD.Artifacts": "[1.3.0-preview.3, 1.3.0-preview.3]",
          "FSharp.Core": "[10.1.303, 10.1.303]"
        }
      },
      "sir.protocol": {
        "type": "Project",
        "dependencies": {
          "FSharp.Core": "[10.1.303, 10.1.303]",
          "SIR.Protocol.Generated": "[1.0.0, )"
        }
      },
      "sir.protocol.generated": {
        "type": "Project",
        "dependencies": {
          "FSharp.Core": "[10.1.303, 10.1.303]",
          "Thoth.Json.Net": "[12.0.0, 12.0.0]"
        }
      },
      "sir.replay.core": {
        "type": "Project",
        "dependencies": {
          "FSharp.Core": "[10.1.303, 10.1.303]",
          "SIR.Domain": "[1.0.0, )",
          "SIR.Simulation": "[1.0.0, )"
        }
      },
      "sir.simulation": {
        "type": "Project",
        "dependencies": {
          "FS.GG.Game.Core": "[0.13.0, 0.13.0]",
          "FSharp.Core": "[10.1.303, 10.1.303]",
          "SIR.Domain": "[1.0.0, )"
        }
      },
      "FS.GG.Game.Core": {
        "type": "CentralTransitive",
        "requested": "[0.13.0, 0.13.0]",
        "resolved": "0.13.0",
        "contentHash": "h4IVQKlYkhOOLO9bPgrR6JsoPKBH3cozfO+qgk/gr67Tel02dvHPBe4buIs3L4Hq+fDwwDXA/qDFmis8qQiJKA==",
        "dependencies": {
          "FSharp.Core": "10.1.302"
        }
      },
      "FS.GG.SDD.Artifacts": {
        "type": "CentralTransitive",
        "requested": "[1.3.0-preview.3, 1.3.0-preview.3]",
        "resolved": "1.3.0-preview.3",
        "contentHash": "iZRpNHp7UdBrhp9jPcZi5Nv73GyxlCjVsAeHT7FqDsEvWoTuvSfmqyjXN9v6Nrm0DsXcNZA8rWZPUTI0/OTC7w==",
        "dependencies": {
          "FS.GG.Contracts": "7.5.2",
          "FSharp.Core": "10.1.302",
          "YamlDotNet": "18.1.0"
        }
      },
      "Thoth.Json.Net": {
        "type": "CentralTransitive",
        "requested": "[12.0.0, 12.0.0]",
        "resolved": "12.0.0",
        "contentHash": "n2YyONYdWCFS4Pu7wrqgV/l5tPuN+t3gxEfs/2RwqCiQkRnbgKs9dK61zHeZS5YganAoFbxLSwbaNL7SvSrS9g==",
        "dependencies": {
          "FSharp.Core": "4.7.2",
          "Fable.Core": "3.1.6",
          "Newtonsoft.Json": "13.0.1"
        }
      }
    }
  }
}