{
  "version": 2,
  "dependencies": {
    "net10.0": {
      "FSharp.Core": {
        "type": "Direct",
        "requested": "[10.1.303, 10.1.303]",
        "resolved": "10.1.303",
        "contentHash": "juOEjKuOCZKBFbFO8TwWRQu5cY91m2BpDkrUcv1r8pfhc1yyt64H6jTYqoRWxZoRD31XB5dxyUg9j4brs7RZCg=="
      },
      "sir.domain": {
        "type": "Project",
        "dependencies": {
          "FSharp.Core": "[10.1.303, 10.1.303]"
        }
      },
      "sir.match": {
        "type": "Project",
        "dependencies": {
          "FSharp.Core": "[10.1.303, 10.1.303]",
          "SIR.Domain": "[1.0.0, )",
          "SIR.Simulation": "[1.0.0, )",
          "SIR.Wasm": "[1.0.0, )"
        }
      },
      "sir.simulation": {
        "type": "Project",
        "dependencies": {
          "FS.GG.Game.Core": "[0.13.0, 0.13.0]",
          "FSharp.Core": "[10.1.303, 10.1.303]",
          "SIR.Domain": "[1.0.0, )"
        }
      },
      "sir.wasm": {
        "type": "Project",
        "dependencies": {
          "FSharp.Core": "[10.1.303, 10.1.303]",
          "SIR.Domain": "[1.0.0, )",
          "SIR.Simulation": "[1.0.0, )",
          "Wasmtime": "[44.0.0, 44.0.0]"
        }
      },
      "FS.GG.Game.Core": {
        "type": "CentralTransitive",
        "requested": "[0.13.0, 0.13.0]",
        "resolved": "0.13.0",
        "contentHash": "h4IVQKlYkhOOLO9bPgrR6JsoPKBH3cozfO+qgk/gr67Tel02dvHPBe4buIs3L4Hq+fDwwDXA/qDFmis8qQiJKA==",
        "dependencies": {
          "FSharp.Core": "10.1.302"
        }
      },
      "Wasmtime": {
        "type": "CentralTransitive",
        "requested": "[44.0.0, 44.0.0]",
        "resolved": "44.0.0",
        "contentHash": "Mo93hPzT2wzxQlntv0yqWChspMCp9KlT4rTYseriz/WZ1wKjRCE5WBwrN2ljBeqBitKINPMwupN4Ar1jnaS7Vw=="
      }
    }
  }
}